
Microsoft Visual Studio Solution File, Format Version 12.00
# Visual Studio 15
VisualStudioVersion = 15.0.28010.2003
MinimumVisualStudioVersion = 10.0.40219.1
Project("{FAE04EC0-301F-11D3-BF4B-00C04F79EFBC}") = "StrategyPattern", "Interfaces\StrategyPattern.csproj", "{3928B863-F47F-4ACC-A026-7834EEDBB280}"
EndProject
Project("{FAE04EC0-301F-11D3-BF4B-00C04F79EFBC}") = "StratergyPatternImplement", "ImplementInterfaces\StratergyPatternImplement.csproj", "{0838B063-1C59-4EE6-8332-21684D6DED6E}"
EndProject
Project("{FAE04EC0-301F-11D3-BF4B-00C04F79EFBC}") = "ObserverPatternImplement", "ObserverPattern\ObserverPatternImplement.csproj", "{D4A3AD88-B13C-44AA-9648-ABF73F684686}"
EndProject
Project("{FAE04EC0-301F-11D3-BF4B-00C04F79EFBC}") = "ObserverPatternClassLibrary", "ObserverPatternClassLibrary\ObserverPatternClassLibrary.csproj", "{37D8880B-78A2-4DC5-B013-3634679108D9}"
EndProject
Project("{FAE04EC0-301F-11D3-BF4B-00C04F79EFBC}") = "DecoratorPatternClassLibrary", "DecoratorPatternClassLibrary\DecoratorPatternClassLibrary.csproj", "{F92257B0-D61F-478D-8CBC-8CCA2E7B0125}"
EndProject
Project("{FAE04EC0-301F-11D3-BF4B-00C04F79EFBC}") = "DecoratorPatternImplementation", "DecoratorPatternImplementation\DecoratorPatternImplementation.csproj", "{3ABC6F5E-4981-4BF8-A871-81BE152DF003}"
EndProject
Project("{FAE04EC0-301F-11D3-BF4B-00C04F79EFBC}") = "FactoryPatternClasslibrary", "FactoryPatternClasslibrary\FactoryPatternClasslibrary.csproj", "{D0484EDF-E008-4CB8-B684-55A28589AEED}"
EndProject
Project("{FAE04EC0-301F-11D3-BF4B-00C04F79EFBC}") = "FactoryPatternImplementation", "FactoryPatternImplementation\FactoryPatternImplementation.csproj", "{234E1D03-8B16-47BF-82D5-BFD9F1396567}"
EndProject
Project("{FAE04EC0-301F-11D3-BF4B-00C04F79EFBC}") = "SingletonPatternClassLibrary", "SingletonPatternClassLibrary\SingletonPatternClassLibrary.csproj", "{A09CFE53-6EFC-4D3D-91EC-62D638EC3902}"
EndProject
Project("{FAE04EC0-301F-11D3-BF4B-00C04F79EFBC}") = "CommandPatternClassLibrary", "CommandPattern\CommandPatternClassLibrary.csproj", "{DF087937-D01A-4732-A936-937DD8343EDA}"
EndProject
Project("{FAE04EC0-301F-11D3-BF4B-00C04F79EFBC}") = "CommandPatternImplementation", "CommandPatternImplementation\CommandPatternImplementation.csproj", "{19D5C05C-B31B-4FA5-B3C3-49B1B3B91C0C}"
EndProject
Project("{FAE04EC0-301F-11D3-BF4B-00C04F79EFBC}") = "AdapterDesignPatternClassLibrary", "AdapterDesignPatternClassLibrary\AdapterDesignPatternClassLibrary.csproj", "{1A7804CC-26C1-475F-8729-F1E63F28E678}"
EndProject
Project("{FAE04EC0-301F-11D3-BF4B-00C04F79EFBC}") = "AdapterDesignPatternImplementation", "AdapterDesignPatternImplementation\AdapterDesignPatternImplementation.csproj", "{8402CF9F-7F47-4601-96F5-182FD1468A43}"
EndProject
Project("{FAE04EC0-301F-11D3-BF4B-00C04F79EFBC}") = "FacadeDesignPatternClassLibrary", "FacadeDesignPatternClassLibrary\FacadeDesignPatternClassLibrary.csproj", "{82DC2AF3-B1E1-423C-AAC3-7F3DEFE4C56E}"
EndProject
Project("{FAE04EC0-301F-11D3-BF4B-00C04F79EFBC}") = "FacadeDesingPatternImplementation", "FacadeDesingPatternImplementation\FacadeDesingPatternImplementation.csproj", "{D278DCFC-9014-4501-853F-7688540E2731}"
EndProject
Project("{FAE04EC0-301F-11D3-BF4B-00C04F79EFBC}") = "TemplatePatternClassLibrary", "TemplatePatternClassLibrary\TemplatePatternClassLibrary.csproj", "{4D0F6DCF-D1CE-4E19-9C4A-F8DD58DF978C}"
EndProject
Project("{FAE04EC0-301F-11D3-BF4B-00C04F79EFBC}") = "TemplateDesignPatternImplementation", "TemplateDesignPatternImplementation\TemplateDesignPatternImplementation.csproj", "{F575F88C-B2A9-49A3-98C9-379E765CDFB8}"
EndProject
Project("{FAE04EC0-301F-11D3-BF4B-00C04F79EFBC}") = "IteratorPatternClassLibrary", "IteratorPatternClassLibrary\IteratorPatternClassLibrary.csproj", "{60E04651-7F2F-4E83-B4FE-FC736AE36B84}"
EndProject
Project("{FAE04EC0-301F-11D3-BF4B-00C04F79EFBC}") = "IteratorDesignPatternImplementation", "IteratorDesignPatternImplementation\IteratorDesignPatternImplementation.csproj", "{E9DDCE49-2866-49C0-B71B-3C5438F63799}"
EndProject
Project("{FAE04EC0-301F-11D3-BF4B-00C04F79EFBC}") = "IteratorDesignPatternCSharp", "IteratorDesignPatternCSharp\IteratorDesignPatternCSharp.csproj", "{4139B63A-B1C4-4BCE-BC3B-3DA4D35D63BF}"
EndProject
Project("{FAE04EC0-301F-11D3-BF4B-00C04F79EFBC}") = "CompositePatternClassLibrary", "CompositePatternClassLibrary\CompositePatternClassLibrary.csproj", "{332D8BF7-E2EB-4864-BEDE-DAB782DFDE50}"
EndProject
Project("{FAE04EC0-301F-11D3-BF4B-00C04F79EFBC}") = "CompositeDesignPatternImplementation", "CompositeDesignPatternImplementation\CompositeDesignPatternImplementation.csproj", "{3B918E8F-EE92-4507-BFE1-D235D218A521}"
EndProject
Global
	GlobalSection(SolutionConfigurationPlatforms) = preSolution
		Debug|Any CPU = Debug|Any CPU
		Release|Any CPU = Release|Any CPU
	EndGlobalSection
	GlobalSection(ProjectConfigurationPlatforms) = postSolution
		{3928B863-F47F-4ACC-A026-7834EEDBB280}.Debug|Any CPU.ActiveCfg = Debug|Any CPU
		{3928B863-F47F-4ACC-A026-7834EEDBB280}.Debug|Any CPU.Build.0 = Debug|Any CPU
		{3928B863-F47F-4ACC-A026-7834EEDBB280}.Release|Any CPU.ActiveCfg = Release|Any CPU
		{3928B863-F47F-4ACC-A026-7834EEDBB280}.Release|Any CPU.Build.0 = Release|Any CPU
		{0838B063-1C59-4EE6-8332-21684D6DED6E}.Debug|Any CPU.ActiveCfg = Debug|Any CPU
		{0838B063-1C59-4EE6-8332-21684D6DED6E}.Debug|Any CPU.Build.0 = Debug|Any CPU
		{0838B063-1C59-4EE6-8332-21684D6DED6E}.Release|Any CPU.ActiveCfg = Release|Any CPU
		{0838B063-1C59-4EE6-8332-21684D6DED6E}.Release|Any CPU.Build.0 = Release|Any CPU
		{D4A3AD88-B13C-44AA-9648-ABF73F684686}.Debug|Any CPU.ActiveCfg = Debug|Any CPU
		{D4A3AD88-B13C-44AA-9648-ABF73F684686}.Debug|Any CPU.Build.0 = Debug|Any CPU
		{D4A3AD88-B13C-44AA-9648-ABF73F684686}.Release|Any CPU.ActiveCfg = Release|Any CPU
		{D4A3AD88-B13C-44AA-9648-ABF73F684686}.Release|Any CPU.Build.0 = Release|Any CPU
		{37D8880B-78A2-4DC5-B013-3634679108D9}.Debug|Any CPU.ActiveCfg = Debug|Any CPU
		{37D8880B-78A2-4DC5-B013-3634679108D9}.Debug|Any CPU.Build.0 = Debug|Any CPU
		{37D8880B-78A2-4DC5-B013-3634679108D9}.Release|Any CPU.ActiveCfg = Release|Any CPU
		{37D8880B-78A2-4DC5-B013-3634679108D9}.Release|Any CPU.Build.0 = Release|Any CPU
		{F92257B0-D61F-478D-8CBC-8CCA2E7B0125}.Debug|Any CPU.ActiveCfg = Debug|Any CPU
		{F92257B0-D61F-478D-8CBC-8CCA2E7B0125}.Debug|Any CPU.Build.0 = Debug|Any CPU
		{F92257B0-D61F-478D-8CBC-8CCA2E7B0125}.Release|Any CPU.ActiveCfg = Release|Any CPU
		{F92257B0-D61F-478D-8CBC-8CCA2E7B0125}.Release|Any CPU.Build.0 = Release|Any CPU
		{3ABC6F5E-4981-4BF8-A871-81BE152DF003}.Debug|Any CPU.ActiveCfg = Debug|Any CPU
		{3ABC6F5E-4981-4BF8-A871-81BE152DF003}.Debug|Any CPU.Build.0 = Debug|Any CPU
		{3ABC6F5E-4981-4BF8-A871-81BE152DF003}.Release|Any CPU.ActiveCfg = Release|Any CPU
		{3ABC6F5E-4981-4BF8-A871-81BE152DF003}.Release|Any CPU.Build.0 = Release|Any CPU
		{D0484EDF-E008-4CB8-B684-55A28589AEED}.Debug|Any CPU.ActiveCfg = Debug|Any CPU
		{D0484EDF-E008-4CB8-B684-55A28589AEED}.Debug|Any CPU.Build.0 = Debug|Any CPU
		{D0484EDF-E008-4CB8-B684-55A28589AEED}.Release|Any CPU.ActiveCfg = Release|Any CPU
		{D0484EDF-E008-4CB8-B684-55A28589AEED}.Release|Any CPU.Build.0 = Release|Any CPU
		{234E1D03-8B16-47BF-82D5-BFD9F1396567}.Debug|Any CPU.ActiveCfg = Debug|Any CPU
		{234E1D03-8B16-47BF-82D5-BFD9F1396567}.Debug|Any CPU.Build.0 = Debug|Any CPU
		{234E1D03-8B16-47BF-82D5-BFD9F1396567}.Release|Any CPU.ActiveCfg = Release|Any CPU
		{234E1D03-8B16-47BF-82D5-BFD9F1396567}.Release|Any CPU.Build.0 = Release|Any CPU
		{A09CFE53-6EFC-4D3D-91EC-62D638EC3902}.Debug|Any CPU.ActiveCfg = Debug|Any CPU
		{A09CFE53-6EFC-4D3D-91EC-62D638EC3902}.Debug|Any CPU.Build.0 = Debug|Any CPU
		{A09CFE53-6EFC-4D3D-91EC-62D638EC3902}.Release|Any CPU.ActiveCfg = Release|Any CPU
		{A09CFE53-6EFC-4D3D-91EC-62D638EC3902}.Release|Any CPU.Build.0 = Release|Any CPU
		{DF087937-D01A-4732-A936-937DD8343EDA}.Debug|Any CPU.ActiveCfg = Debug|Any CPU
		{DF087937-D01A-4732-A936-937DD8343EDA}.Debug|Any CPU.Build.0 = Debug|Any CPU
		{DF087937-D01A-4732-A936-937DD8343EDA}.Release|Any CPU.ActiveCfg = Release|Any CPU
		{DF087937-D01A-4732-A936-937DD8343EDA}.Release|Any CPU.Build.0 = Release|Any CPU
		{19D5C05C-B31B-4FA5-B3C3-49B1B3B91C0C}.Debug|Any CPU.ActiveCfg = Debug|Any CPU
		{19D5C05C-B31B-4FA5-B3C3-49B1B3B91C0C}.Debug|Any CPU.Build.0 = Debug|Any CPU
		{19D5C05C-B31B-4FA5-B3C3-49B1B3B91C0C}.Release|Any CPU.ActiveCfg = Release|Any CPU
		{19D5C05C-B31B-4FA5-B3C3-49B1B3B91C0C}.Release|Any CPU.Build.0 = Release|Any CPU
		{1A7804CC-26C1-475F-8729-F1E63F28E678}.Debug|Any CPU.ActiveCfg = Debug|Any CPU
		{1A7804CC-26C1-475F-8729-F1E63F28E678}.Debug|Any CPU.Build.0 = Debug|Any CPU
		{1A7804CC-26C1-475F-8729-F1E63F28E678}.Release|Any CPU.ActiveCfg = Release|Any CPU
		{1A7804CC-26C1-475F-8729-F1E63F28E678}.Release|Any CPU.Build.0 = Release|Any CPU
		{8402CF9F-7F47-4601-96F5-182FD1468A43}.Debug|Any CPU.ActiveCfg = Debug|Any CPU
		{8402CF9F-7F47-4601-96F5-182FD1468A43}.Debug|Any CPU.Build.0 = Debug|Any CPU
		{8402CF9F-7F47-4601-96F5-182FD1468A43}.Release|Any CPU.ActiveCfg = Release|Any CPU
		{8402CF9F-7F47-4601-96F5-182FD1468A43}.Release|Any CPU.Build.0 = Release|Any CPU
		{82DC2AF3-B1E1-423C-AAC3-7F3DEFE4C56E}.Debug|Any CPU.ActiveCfg = Debug|Any CPU
		{82DC2AF3-B1E1-423C-AAC3-7F3DEFE4C56E}.Debug|Any CPU.Build.0 = Debug|Any CPU
		{82DC2AF3-B1E1-423C-AAC3-7F3DEFE4C56E}.Release|Any CPU.ActiveCfg = Release|Any CPU
		{82DC2AF3-B1E1-423C-AAC3-7F3DEFE4C56E}.Release|Any CPU.Build.0 = Release|Any CPU
		{D278DCFC-9014-4501-853F-7688540E2731}.Debug|Any CPU.ActiveCfg = Debug|Any CPU
		{D278DCFC-9014-4501-853F-7688540E2731}.Debug|Any CPU.Build.0 = Debug|Any CPU
		{D278DCFC-9014-4501-853F-7688540E2731}.Release|Any CPU.ActiveCfg = Release|Any CPU
		{D278DCFC-9014-4501-853F-7688540E2731}.Release|Any CPU.Build.0 = Release|Any CPU
		{4D0F6DCF-D1CE-4E19-9C4A-F8DD58DF978C}.Debug|Any CPU.ActiveCfg = Debug|Any CPU
		{4D0F6DCF-D1CE-4E19-9C4A-F8DD58DF978C}.Debug|Any CPU.Build.0 = Debug|Any CPU
		{4D0F6DCF-D1CE-4E19-9C4A-F8DD58DF978C}.Release|Any CPU.ActiveCfg = Release|Any CPU
		{4D0F6DCF-D1CE-4E19-9C4A-F8DD58DF978C}.Release|Any CPU.Build.0 = Release|Any CPU
		{F575F88C-B2A9-49A3-98C9-379E765CDFB8}.Debug|Any CPU.ActiveCfg = Debug|Any CPU
		{F575F88C-B2A9-49A3-98C9-379E765CDFB8}.Debug|Any CPU.Build.0 = Debug|Any CPU
		{F575F88C-B2A9-49A3-98C9-379E765CDFB8}.Release|Any CPU.ActiveCfg = Release|Any CPU
		{F575F88C-B2A9-49A3-98C9-379E765CDFB8}.Release|Any CPU.Build.0 = Release|Any CPU
		{60E04651-7F2F-4E83-B4FE-FC736AE36B84}.Debug|Any CPU.ActiveCfg = Debug|Any CPU
		{60E04651-7F2F-4E83-B4FE-FC736AE36B84}.Debug|Any CPU.Build.0 = Debug|Any CPU
		{60E04651-7F2F-4E83-B4FE-FC736AE36B84}.Release|Any CPU.ActiveCfg = Release|Any CPU
		{60E04651-7F2F-4E83-B4FE-FC736AE36B84}.Release|Any CPU.Build.0 = Release|Any CPU
		{E9DDCE49-2866-49C0-B71B-3C5438F63799}.Debug|Any CPU.ActiveCfg = Debug|Any CPU
		{E9DDCE49-2866-49C0-B71B-3C5438F63799}.Debug|Any CPU.Build.0 = Debug|Any CPU
		{E9DDCE49-2866-49C0-B71B-3C5438F63799}.Release|Any CPU.ActiveCfg = Release|Any CPU
		{E9DDCE49-2866-49C0-B71B-3C5438F63799}.Release|Any CPU.Build.0 = Release|Any CPU
		{4139B63A-B1C4-4BCE-BC3B-3DA4D35D63BF}.Debug|Any CPU.ActiveCfg = Debug|Any CPU
		{4139B63A-B1C4-4BCE-BC3B-3DA4D35D63BF}.Debug|Any CPU.Build.0 = Debug|Any CPU
		{4139B63A-B1C4-4BCE-BC3B-3DA4D35D63BF}.Release|Any CPU.ActiveCfg = Release|Any CPU
		{4139B63A-B1C4-4BCE-BC3B-3DA4D35D63BF}.Release|Any CPU.Build.0 = Release|Any CPU
		{332D8BF7-E2EB-4864-BEDE-DAB782DFDE50}.Debug|Any CPU.ActiveCfg = Debug|Any CPU
		{332D8BF7-E2EB-4864-BEDE-DAB782DFDE50}.Debug|Any CPU.Build.0 = Debug|Any CPU
		{332D8BF7-E2EB-4864-BEDE-DAB782DFDE50}.Release|Any CPU.ActiveCfg = Release|Any CPU
		{332D8BF7-E2EB-4864-BEDE-DAB782DFDE50}.Release|Any CPU.Build.0 = Release|Any CPU
		{3B918E8F-EE92-4507-BFE1-D235D218A521}.Debug|Any CPU.ActiveCfg = Debug|Any CPU
		{3B918E8F-EE92-4507-BFE1-D235D218A521}.Debug|Any CPU.Build.0 = Debug|Any CPU
		{3B918E8F-EE92-4507-BFE1-D235D218A521}.Release|Any CPU.ActiveCfg = Release|Any CPU
		{3B918E8F-EE92-4507-BFE1-D235D218A521}.Release|Any CPU.Build.0 = Release|Any CPU
	EndGlobalSection
	GlobalSection(SolutionProperties) = preSolution
		HideSolutionNode = FALSE
	EndGlobalSection
	GlobalSection(ExtensibilityGlobals) = postSolution
		SolutionGuid = {0BFF5C57-1180-4C10-B7FB-99264C0C2ECA}
	EndGlobalSection
EndGlobal
